// !$*UTF8*$!
{
	archiveVersion = 1;
	classes = {
	};
	objectVersion = 55;
	objects = {

/* Begin PBXBuildFile section */
		DB21FFC22882C42800529590 /* AccessPhotoLibraryManager.swift in Sources */ = {isa = PBXBuildFile; fileRef = DB21FFC12882C42800529590 /* AccessPhotoLibraryManager.swift */; };
		DB21FFC62883AB9900529590 /* PhotoManager.swift in Sources */ = {isa = PBXBuildFile; fileRef = DB21FFC52883AB9900529590 /* PhotoManager.swift */; };
		DB21FFC9288452BD00529590 /* Extension + CGSize.swift in Sources */ = {isa = PBXBuildFile; fileRef = DB21FFC8288452BD00529590 /* Extension + CGSize.swift */; };
		DB233C5B2864951100CD3EEB /* AppDelegate.swift in Sources */ = {isa = PBXBuildFile; fileRef = DB233C5A2864951100CD3EEB /* AppDelegate.swift */; };
		DB233C5D2864951100CD3EEB /* SceneDelegate.swift in Sources */ = {isa = PBXBuildFile; fileRef = DB233C5C2864951100CD3EEB /* SceneDelegate.swift */; };
		DB233C622864951100CD3EEB /* Main.storyboard in Resources */ = {isa = PBXBuildFile; fileRef = DB233C602864951100CD3EEB /* Main.storyboard */; };
		DB233C642864951300CD3EEB /* Assets.xcassets in Resources */ = {isa = PBXBuildFile; fileRef = DB233C632864951300CD3EEB /* Assets.xcassets */; };
		DB233C672864951300CD3EEB /* LaunchScreen.storyboard in Resources */ = {isa = PBXBuildFile; fileRef = DB233C652864951300CD3EEB /* LaunchScreen.storyboard */; };
		DB233C7928649A6600CD3EEB /* GalleryViewController.swift in Sources */ = {isa = PBXBuildFile; fileRef = DB233C7728649A6600CD3EEB /* GalleryViewController.swift */; };
		DB233C7E28649E8500CD3EEB /* GalleryCollectionViewCell.swift in Sources */ = {isa = PBXBuildFile; fileRef = DB233C7C28649E8500CD3EEB /* GalleryCollectionViewCell.swift */; };
		DB233C812864A28600CD3EEB /* GalleryContainerViewController.swift in Sources */ = {isa = PBXBuildFile; fileRef = DB233C802864A28600CD3EEB /* GalleryContainerViewController.swift */; };
		DB233C842864A9E700CD3EEB /* ZoomAnimator.swift in Sources */ = {isa = PBXBuildFile; fileRef = DB233C832864A9E700CD3EEB /* ZoomAnimator.swift */; };
		DB233C862865525F00CD3EEB /* TabBarViewController.swift in Sources */ = {isa = PBXBuildFile; fileRef = DB233C852865525F00CD3EEB /* TabBarViewController.swift */; };
		DB233C8B28655CA800CD3EEB /* ZoomViewController.swift in Sources */ = {isa = PBXBuildFile; fileRef = DB233C8928655CA800CD3EEB /* ZoomViewController.swift */; };
		DB233C8E2865709900CD3EEB /* ZoomTransition.swift in Sources */ = {isa = PBXBuildFile; fileRef = DB233C8D2865709900CD3EEB /* ZoomTransition.swift */; };
		DB233C90286572BD00CD3EEB /* ZoomInteraction.swift in Sources */ = {isa = PBXBuildFile; fileRef = DB233C8F286572BD00CD3EEB /* ZoomInteraction.swift */; };
		DB8D2A492875D676006F19EB /* .gitignore in Resources */ = {isa = PBXBuildFile; fileRef = DB8D2A482875D676006F19EB /* .gitignore */; };
/* End PBXBuildFile section */

/* Begin PBXFileReference section */
		DB21FFC12882C42800529590 /* AccessPhotoLibraryManager.swift */ = {isa = PBXFileReference; lastKnownFileType = sourcecode.swift; path = AccessPhotoLibraryManager.swift; sourceTree = "<group>"; };
		DB21FFC52883AB9900529590 /* PhotoManager.swift */ = {isa = PBXFileReference; lastKnownFileType = sourcecode.swift; path = PhotoManager.swift; sourceTree = "<group>"; };
		DB21FFC8288452BD00529590 /* Extension + CGSize.swift */ = {isa = PBXFileReference; lastKnownFileType = sourcecode.swift; path = "Extension + CGSize.swift"; sourceTree = "<group>"; };
		DB233C572864951100CD3EEB /* Gallery.app */ = {isa = PBXFileReference; explicitFileType = wrapper.application; includeInIndex = 0; path = Gallery.app; sourceTree = BUILT_PRODUCTS_DIR; };
		DB233C5A2864951100CD3EEB /* AppDelegate.swift */ = {isa = PBXFileReference; lastKnownFileType = sourcecode.swift; path = AppDelegate.swift; sourceTree = "<group>"; };
		DB233C5C2864951100CD3EEB /* SceneDelegate.swift */ = {isa = PBXFileReference; lastKnownFileType = sourcecode.swift; path = SceneDelegate.swift; sourceTree = "<group>"; };
		DB233C612864951100CD3EEB /* Base */ = {isa = PBXFileReference; lastKnownFileType = file.storyboard; name = Base; path = Base.lproj/Main.storyboard; sourceTree = "<group>"; };
		DB233C632864951300CD3EEB /* Assets.xcassets */ = {isa = PBXFileReference; lastKnownFileType = folder.assetcatalog; path = Assets.xcassets; sourceTree = "<group>"; };
		DB233C662864951300CD3EEB /* Base */ = {isa = PBXFileReference; lastKnownFileType = file.storyboard; name = Base; path = Base.lproj/LaunchScreen.storyboard; sourceTree = "<group>"; };
		DB233C682864951300CD3EEB /* Info.plist */ = {isa = PBXFileReference; lastKnownFileType = text.plist.xml; path = Info.plist; sourceTree = "<group>"; };
		DB233C7728649A6600CD3EEB /* GalleryViewController.swift */ = {isa = PBXFileReference; lastKnownFileType = sourcecode.swift; path = GalleryViewController.swift; sourceTree = "<group>"; };
		DB233C7C28649E8500CD3EEB /* GalleryCollectionViewCell.swift */ = {isa = PBXFileReference; lastKnownFileType = sourcecode.swift; path = GalleryCollectionViewCell.swift; sourceTree = "<group>"; };
		DB233C802864A28600CD3EEB /* GalleryContainerViewController.swift */ = {isa = PBXFileReference; lastKnownFileType = sourcecode.swift; path = GalleryContainerViewController.swift; sourceTree = "<group>"; };
		DB233C832864A9E700CD3EEB /* ZoomAnimator.swift */ = {isa = PBXFileReference; lastKnownFileType = sourcecode.swift; path = ZoomAnimator.swift; sourceTree = "<group>"; };
		DB233C852865525F00CD3EEB /* TabBarViewController.swift */ = {isa = PBXFileReference; lastKnownFileType = sourcecode.swift; path = TabBarViewController.swift; sourceTree = "<group>"; };
		DB233C8928655CA800CD3EEB /* ZoomViewController.swift */ = {isa = PBXFileReference; lastKnownFileType = sourcecode.swift; path = ZoomViewController.swift; sourceTree = "<group>"; };
		DB233C8D2865709900CD3EEB /* ZoomTransition.swift */ = {isa = PBXFileReference; lastKnownFileType = sourcecode.swift; path = ZoomTransition.swift; sourceTree = "<group>"; };
		DB233C8F286572BD00CD3EEB /* ZoomInteraction.swift */ = {isa = PBXFileReference; lastKnownFileType = sourcecode.swift; path = ZoomInteraction.swift; sourceTree = "<group>"; };
		DB8D2A482875D676006F19EB /* .gitignore */ = {isa = PBXFileReference; lastKnownFileType = text; path = .gitignore; sourceTree = "<group>"; };
/* End PBXFileReference section */

/* Begin PBXFrameworksBuildPhase section */
		DB233C542864951100CD3EEB /* Frameworks */ = {
			isa = PBXFrameworksBuildPhase;
			buildActionMask = 2147483647;
			files = (
			);
			runOnlyForDeploymentPostprocessing = 0;
		};
/* End PBXFrameworksBuildPhase section */

/* Begin PBXGroup section */
		DB21FFC72884529900529590 /* Extensions */ = {
			isa = PBXGroup;
			children = (
				DB21FFC8288452BD00529590 /* Extension + CGSize.swift */,
			);
			path = Extensions;
			sourceTree = "<group>";
		};
		DB233C4E2864951000CD3EEB = {
			isa = PBXGroup;
			children = (
				DB8D2A482875D676006F19EB /* .gitignore */,
				DB233C592864951100CD3EEB /* Gallery */,
				DB233C582864951100CD3EEB /* Products */,
			);
			sourceTree = "<group>";
		};
		DB233C582864951100CD3EEB /* Products */ = {
			isa = PBXGroup;
			children = (
				DB233C572864951100CD3EEB /* Gallery.app */,
			);
			name = Products;
			sourceTree = "<group>";
		};
		DB233C592864951100CD3EEB /* Gallery */ = {
			isa = PBXGroup;
			children = (
				DB233C6E286496F700CD3EEB /* ViewControllers */,
				DB233C7B28649E4400CD3EEB /* Views */,
				DB233C822864A9D300CD3EEB /* Services */,
				DB21FFC72884529900529590 /* Extensions */,
				DB8D2A462875D331006F19EB /* Storyboards */,
				DB8D2A452875D313006F19EB /* Supporting */,
				DB8D2A472875D352006F19EB /* Resources */,
			);
			path = Gallery;
			sourceTree = "<group>";
		};
		DB233C6E286496F700CD3EEB /* ViewControllers */ = {
			isa = PBXGroup;
			children = (
				DB233C852865525F00CD3EEB /* TabBarViewController.swift */,
				DB233C7728649A6600CD3EEB /* GalleryViewController.swift */,
				DB233C802864A28600CD3EEB /* GalleryContainerViewController.swift */,
				DB233C8928655CA800CD3EEB /* ZoomViewController.swift */,
			);
			path = ViewControllers;
			sourceTree = "<group>";
		};
		DB233C7B28649E4400CD3EEB /* Views */ = {
			isa = PBXGroup;
			children = (
				DB233C7C28649E8500CD3EEB /* GalleryCollectionViewCell.swift */,
			);
			path = Views;
			sourceTree = "<group>";
		};
		DB233C822864A9D300CD3EEB /* Services */ = {
			isa = PBXGroup;
			children = (
				DB233C832864A9E700CD3EEB /* ZoomAnimator.swift */,
				DB233C8D2865709900CD3EEB /* ZoomTransition.swift */,
				DB233C8F286572BD00CD3EEB /* ZoomInteraction.swift */,
				DB21FFC12882C42800529590 /* AccessPhotoLibraryManager.swift */,
				DB21FFC52883AB9900529590 /* PhotoManager.swift */,
			);
			path = Services;
			sourceTree = "<group>";
		};
		DB8D2A452875D313006F19EB /* Supporting */ = {
			isa = PBXGroup;
			children = (
				DB233C5A2864951100CD3EEB /* AppDelegate.swift */,
				DB233C5C2864951100CD3EEB /* SceneDelegate.swift */,
				DB233C682864951300CD3EEB /* Info.plist */,
			);
			path = Supporting;
			sourceTree = "<group>";
		};
		DB8D2A462875D331006F19EB /* Storyboards */ = {
			isa = PBXGroup;
			children = (
				DB233C602864951100CD3EEB /* Main.storyboard */,
				DB233C652864951300CD3EEB /* LaunchScreen.storyboard */,
			);
			path = Storyboards;
			sourceTree = "<group>";
		};
		DB8D2A472875D352006F19EB /* Resources */ = {
			isa = PBXGroup;
			children = (
				DB233C632864951300CD3EEB /* Assets.xcassets */,
			);
			path = Resources;
			sourceTree = "<group>";
		};
/* End PBXGroup section */

/* Begin PBXNativeTarget section */
		DB233C562864951100CD3EEB /* Gallery */ = {
			isa = PBXNativeTarget;
			buildConfigurationList = DB233C6B2864951300CD3EEB /* Build configuration list for PBXNativeTarget "Gallery" */;
			buildPhases = (
				DB233C532864951100CD3EEB /* Sources */,
				DB233C542864951100CD3EEB /* Frameworks */,
				DB233C552864951100CD3EEB /* Resources */,
			);
			buildRules = (
			);
			dependencies = (
			);
			name = Gallery;
			productName = Gallery;
			productReference = DB233C572864951100CD3EEB /* Gallery.app */;
			productType = "com.apple.product-type.application";
		};
/* End PBXNativeTarget section */

/* Begin PBXProject section */
		DB233C4F2864951000CD3EEB /* Project object */ = {
			isa = PBXProject;
			attributes = {
				BuildIndependentTargetsInParallel = 1;
				LastSwiftUpdateCheck = 1340;
				LastUpgradeCheck = 1340;
				TargetAttributes = {
					DB233C562864951100CD3EEB = {
						CreatedOnToolsVersion = 13.4.1;
					};
				};
			};
			buildConfigurationList = DB233C522864951000CD3EEB /* Build configuration list for PBXProject "Gallery" */;
			compatibilityVersion = "Xcode 13.0";
			developmentRegion = en;
			hasScannedForEncodings = 0;
			knownRegions = (
				en,
				Base,
			);
			mainGroup = DB233C4E2864951000CD3EEB;
			productRefGroup = DB233C582864951100CD3EEB /* Products */;
			projectDirPath = "";
			projectRoot = "";
			targets = (
				DB233C562864951100CD3EEB /* Gallery */,
			);
		};
/* End PBXProject section */

/* Begin PBXResourcesBuildPhase section */
		DB233C552864951100CD3EEB /* Resources */ = {
			isa = PBXResourcesBuildPhase;
			buildActionMask = 2147483647;
			files = (
				DB8D2A492875D676006F19EB /* .gitignore in Resources */,
				DB233C672864951300CD3EEB /* LaunchScreen.storyboard in Resources */,
				DB233C642864951300CD3EEB /* Assets.xcassets in Resources */,
				DB233C622864951100CD3EEB /* Main.storyboard in Resources */,
			);
			runOnlyForDeploymentPostprocessing = 0;
		};
/* End PBXResourcesBuildPhase section */

/* Begin PBXSourcesBuildPhase section */
		DB233C532864951100CD3EEB /* Sources */ = {
			isa = PBXSourcesBuildPhase;
			buildActionMask = 2147483647;
			files = (
				DB233C862865525F00CD3EEB /* TabBarViewController.swift in Sources */,
				DB233C8B28655CA800CD3EEB /* ZoomViewController.swift in Sources */,
				DB233C8E2865709900CD3EEB /* ZoomTransition.swift in Sources */,
				DB233C7E28649E8500CD3EEB /* GalleryCollectionViewCell.swift in Sources */,
				DB21FFC9288452BD00529590 /* Extension + CGSize.swift in Sources */,
				DB233C7928649A6600CD3EEB /* GalleryViewController.swift in Sources */,
				DB233C842864A9E700CD3EEB /* ZoomAnimator.swift in Sources */,
				DB21FFC62883AB9900529590 /* PhotoManager.swift in Sources */,
				DB233C812864A28600CD3EEB /* GalleryContainerViewController.swift in Sources */,
				DB233C5B2864951100CD3EEB /* AppDelegate.swift in Sources */,
				DB233C90286572BD00CD3EEB /* ZoomInteraction.swift in Sources */,
				DB233C5D2864951100CD3EEB /* SceneDelegate.swift in Sources */,
				DB21FFC22882C42800529590 /* AccessPhotoLibraryManager.swift in Sources */,
			);
			runOnlyForDeploymentPostprocessing = 0;
		};
/* End PBXSourcesBuildPhase section */

/* Begin PBXVariantGroup section */
		DB233C602864951100CD3EEB /* Main.storyboard */ = {
			isa = PBXVariantGroup;
			children = (
				DB233C612864951100CD3EEB /* Base */,
			);
			name = Main.storyboard;
			sourceTree = "<group>";
		};
		DB233C652864951300CD3EEB /* LaunchScreen.storyboard */ = {
			isa = PBXVariantGroup;
			children = (
				DB233C662864951300CD3EEB /* Base */,
			);
			name = LaunchScreen.storyboard;
			sourceTree = "<group>";
		};
/* End PBXVariantGroup section */

/* Begin XCBuildConfiguration section */
		DB233C692864951300CD3EEB /* Debug */ = {
			isa = XCBuildConfiguration;
			buildSettings = {
				ALWAYS_SEARCH_USER_PATHS = NO;
				CLANG_ANALYZER_NONNULL = YES;
				CLANG_ANALYZER_NUMBER_OBJECT_CONVERSION = YES_AGGRESSIVE;
				CLANG_CXX_LANGUAGE_STANDARD = "gnu++17";
				CLANG_ENABLE_MODULES = YES;
				CLANG_ENABLE_OBJC_ARC = YES;
				CLANG_ENABLE_OBJC_WEAK = YES;
				CLANG_WARN_BLOCK_CAPTURE_AUTORELEASING = YES;
				CLANG_WARN_BOOL_CONVERSION = YES;
				CLANG_WARN_COMMA = YES;
				CLANG_WARN_CONSTANT_CONVERSION = YES;
				CLANG_WARN_DEPRECATED_OBJC_IMPLEMENTATIONS = YES;
				CLANG_WARN_DIRECT_OBJC_ISA_USAGE = YES_ERROR;
				CLANG_WARN_DOCUMENTATION_COMMENTS = YES;
				CLANG_WARN_EMPTY_BODY = YES;
				CLANG_WARN_ENUM_CONVERSION = YES;
				CLANG_WARN_INFINITE_RECURSION = YES;
				CLANG_WARN_INT_CONVERSION = YES;
				CLANG_WARN_NON_LITERAL_NULL_CONVERSION = YES;
				CLANG_WARN_OBJC_IMPLICIT_RETAIN_SELF = YES;
				CLANG_WARN_OBJC_LITERAL_CONVERSION = YES;
				CLANG_WARN_OBJC_ROOT_CLASS = YES_ERROR;
				CLANG_WARN_QUOTED_INCLUDE_IN_FRAMEWORK_HEADER = YES;
				CLANG_WARN_RANGE_LOOP_ANALYSIS = YES;
				CLANG_WARN_STRICT_PROTOTYPES = YES;
				CLANG_WARN_SUSPICIOUS_MOVE = YES;
				CLANG_WARN_UNGUARDED_AVAILABILITY = YES_AGGRESSIVE;
				CLANG_WARN_UNREACHABLE_CODE = YES;
				CLANG_WARN__DUPLICATE_METHOD_MATCH = YES;
				COPY_PHASE_STRIP = NO;
				DEBUG_INFORMATION_FORMAT = dwarf;
				ENABLE_STRICT_OBJC_MSGSEND = YES;
				ENABLE_TESTABILITY = YES;
				GCC_C_LANGUAGE_STANDARD = gnu11;
				GCC_DYNAMIC_NO_PIC = NO;
				GCC_NO_COMMON_BLOCKS = YES;
				GCC_OPTIMIZATION_LEVEL = 0;
				GCC_PREPROCESSOR_DEFINITIONS = (
					"DEBUG=1",
					"$(inherited)",
				);
				GCC_WARN_64_TO_32_BIT_CONVERSION = YES;
				GCC_WARN_ABOUT_RETURN_TYPE = YES_ERROR;
				GCC_WARN_UNDECLARED_SELECTOR = YES;
				GCC_WARN_UNINITIALIZED_AUTOS = YES_AGGRESSIVE;
				GCC_WARN_UNUSED_FUNCTION = YES;
				GCC_WARN_UNUSED_VARIABLE = YES;
				IPHONEOS_DEPLOYMENT_TARGET = 15.5;
				MTL_ENABLE_DEBUG_INFO = INCLUDE_SOURCE;
				MTL_FAST_MATH = YES;
				ONLY_ACTIVE_ARCH = YES;
				SDKROOT = iphoneos;
				SWIFT_ACTIVE_COMPILATION_CONDITIONS = DEBUG;
				SWIFT_OPTIMIZATION_LEVEL = "-Onone";
			};
			name = Debug;
		};
		DB233C6A2864951300CD3EEB /* Release */ = {
			isa = XCBuildConfiguration;
			buildSettings = {
				ALWAYS_SEARCH_USER_PATHS = NO;
				CLANG_ANALYZER_NONNULL = YES;
				CLANG_ANALYZER_NUMBER_OBJECT_CONVERSION = YES_AGGRESSIVE;
				CLANG_CXX_LANGUAGE_STANDARD = "gnu++17";
				CLANG_ENABLE_MODULES = YES;
				CLANG_ENABLE_OBJC_ARC = YES;
				CLANG_ENABLE_OBJC_WEAK = YES;
				CLANG_WARN_BLOCK_CAPTURE_AUTORELEASING = YES;
				CLANG_WARN_BOOL_CONVERSION = YES;
				CLANG_WARN_COMMA = YES;
				CLANG_WARN_CONSTANT_CONVERSION = YES;
				CLANG_WARN_DEPRECATED_OBJC_IMPLEMENTATIONS = YES;
				CLANG_WARN_DIRECT_OBJC_ISA_USAGE = YES_ERROR;
				CLANG_WARN_DOCUMENTATION_COMMENTS = YES;
				CLANG_WARN_EMPTY_BODY = YES;
				CLANG_WARN_ENUM_CONVERSION = YES;
				CLANG_WARN_INFINITE_RECURSION = YES;
				CLANG_WARN_INT_CONVERSION = YES;
				CLANG_WARN_NON_LITERAL_NULL_CONVERSION = YES;
				CLANG_WARN_OBJC_IMPLICIT_RETAIN_SELF = YES;
				CLANG_WARN_OBJC_LITERAL_CONVERSION = YES;
				CLANG_WARN_OBJC_ROOT_CLASS = YES_ERROR;
				CLANG_WARN_QUOTED_INCLUDE_IN_FRAMEWORK_HEADER = YES;
				CLANG_WARN_RANGE_LOOP_ANALYSIS = YES;
				CLANG_WARN_STRICT_PROTOTYPES = YES;
				CLANG_WARN_SUSPICIOUS_MOVE = YES;
				CLANG_WARN_UNGUARDED_AVAILABILITY = YES_AGGRESSIVE;
				CLANG_WARN_UNREACHABLE_CODE = YES;
				CLANG_WARN__DUPLICATE_METHOD_MATCH = YES;
				COPY_PHASE_STRIP = NO;
				DEBUG_INFORMATION_FORMAT = "dwarf-with-dsym";
				ENABLE_NS_ASSERTIONS = NO;
				ENABLE_STRICT_OBJC_MSGSEND = YES;
				GCC_C_LANGUAGE_STANDARD = gnu11;
				GCC_NO_COMMON_BLOCKS = YES;
				GCC_WARN_64_TO_32_BIT_CONVERSION = YES;
				GCC_WARN_ABOUT_RETURN_TYPE = YES_ERROR;
				GCC_WARN_UNDECLARED_SELECTOR = YES;
				GCC_WARN_UNINITIALIZED_AUTOS = YES_AGGRESSIVE;
				GCC_WARN_UNUSED_FUNCTION = YES;
				GCC_WARN_UNUSED_VARIABLE = YES;
				IPHONEOS_DEPLOYMENT_TARGET = 15.5;
				MTL_ENABLE_DEBUG_INFO = NO;
				MTL_FAST_MATH = YES;
				SDKROOT = iphoneos;
				SWIFT_COMPILATION_MODE = wholemodule;
				SWIFT_OPTIMIZATION_LEVEL = "-O";
				VALIDATE_PRODUCT = YES;
			};
			name = Release;
		};
		DB233C6C2864951300CD3EEB /* Debug */ = {
			isa = XCBuildConfiguration;
			buildSettings = {
				ASSETCATALOG_COMPILER_APPICON_NAME = AppIcon;
				ASSETCATALOG_COMPILER_GLOBAL_ACCENT_COLOR_NAME = AccentColor;
				CODE_SIGN_STYLE = Automatic;
				CURRENT_PROJECT_VERSION = 1;
				DEVELOPMENT_TEAM = BZ37T979L3;
				GENERATE_INFOPLIST_FILE = YES;
				INFOPLIST_FILE = Gallery/Supporting/Info.plist;
				INFOPLIST_KEY_UIApplicationSupportsIndirectInputEvents = YES;
				INFOPLIST_KEY_UILaunchStoryboardName = LaunchScreen;
				INFOPLIST_KEY_UIMainStoryboardFile = Main;
				INFOPLIST_KEY_UISupportedInterfaceOrientations_iPad = "UIInterfaceOrientationPortrait UIInterfaceOrientationPortraitUpsideDown UIInterfaceOrientationLandscapeLeft UIInterfaceOrientationLandscapeRight";
				INFOPLIST_KEY_UISupportedInterfaceOrientations_iPhone = "UIInterfaceOrientationPortrait UIInterfaceOrientationLandscapeLeft UIInterfaceOrientationLandscapeRight";
				IPHONEOS_DEPLOYMENT_TARGET = 13.0;
				LD_RUNPATH_SEARCH_PATHS = (
					"$(inherited)",
					"@executable_path/Frameworks",
				);
				MARKETING_VERSION = 1.0;
				PRODUCT_BUNDLE_IDENTIFIER = com.DmitryKononchuk.Gallery;
				PRODUCT_NAME = "$(TARGET_NAME)";
				SWIFT_EMIT_LOC_STRINGS = YES;
				SWIFT_VERSION = 5.0;
				TARGETED_DEVICE_FAMILY = "1,2";
			};
			name = Debug;
		};
		DB233C6D2864951300CD3EEB /* Release */ = {
			isa = XCBuildConfiguration;
			buildSettings = {
				ASSETCATALOG_COMPILER_APPICON_NAME = AppIcon;
				ASSETCATALOG_COMPILER_GLOBAL_ACCENT_COLOR_NAME = AccentColor;
				CODE_SIGN_STYLE = Automatic;
				CURRENT_PROJECT_VERSION = 1;
				DEVELOPMENT_TEAM = BZ37T979L3;
				GENERATE_INFOPLIST_FILE = YES;
				INFOPLIST_FILE = Gallery/Supporting/Info.plist;
				INFOPLIST_KEY_UIApplicationSupportsIndirectInputEvents = YES;
				INFOPLIST_KEY_UILaunchStoryboardName = LaunchScreen;
				INFOPLIST_KEY_UIMainStoryboardFile = Main;
				INFOPLIST_KEY_UISupportedInterfaceOrientations_iPad = "UIInterfaceOrientationPortrait UIInterfaceOrientationPortraitUpsideDown UIInterfaceOrientationLandscapeLeft UIInterfaceOrientationLandscapeRight";
				INFOPLIST_KEY_UISupportedInterfaceOrientations_iPhone = "UIInterfaceOrientationPortrait UIInterfaceOrientationLandscapeLeft UIInterfaceOrientationLandscapeRight";
				IPHONEOS_DEPLOYMENT_TARGET = 13.0;
				LD_RUNPATH_SEARCH_PATHS = (
					"$(inherited)",
					"@executable_path/Frameworks",
				);
				MARKETING_VERSION = 1.0;
				PRODUCT_BUNDLE_IDENTIFIER = com.DmitryKononchuk.Gallery;
				PRODUCT_NAME = "$(TARGET_NAME)";
				SWIFT_EMIT_LOC_STRINGS = YES;
				SWIFT_VERSION = 5.0;
				TARGETED_DEVICE_FAMILY = "1,2";
			};
			name = Release;
		};
/* End XCBuildConfiguration section */

/* Begin XCConfigurationList section */
		DB233C522864951000CD3EEB /* Build configuration list for PBXProject "Gallery" */ = {
			isa = XCConfigurationList;
			buildConfigurations = (
				DB233C692864951300CD3EEB /* Debug */,
				DB233C6A2864951300CD3EEB /* Release */,
			);
			defaultConfigurationIsVisible = 0;
			defaultConfigurationName = Release;
		};
		DB233C6B2864951300CD3EEB /* Build configuration list for PBXNativeTarget "Gallery" */ = {
			isa = XCConfigurationList;
			buildConfigurations = (
				DB233C6C2864951300CD3EEB /* Debug */,
				DB233C6D2864951300CD3EEB /* Release */,
			);
			defaultConfigurationIsVisible = 0;
			defaultConfigurationName = Release;
		};
/* End XCConfigurationList section */
	};
	rootObject = DB233C4F2864951000CD3EEB /* Project object */;
}
